
Microsoft Visual Studio Solution File, Format Version 12.00
# Visual Studio 15
VisualStudioVersion = 15.0.27703.2000
MinimumVisualStudioVersion = 10.0.40219.1
Project("{9A19103F-16F7-4668-BE54-9A1E7A4F7556}") = "AspNetCoreIdentityEncryption", "AspNetCoreIdentityEncryption\AspNetCoreIdentityEncryption.csproj", "{F65E9262-BBF7-4824-BA40-E6A5F17F3C11}"
EndProject
Project("{2150E333-8FDC-42A3-9474-1A3956D46DE8}") = "Solution Items", "Solution Items", "{CEC0E3F6-2A53-40D2-B706-B0D973CAD420}"
	ProjectSection(SolutionItems) = preProject
		readme.md = readme.md
	EndProjectSection
EndProject
Project("{FAE04EC0-301F-11D3-BF4B-00C04F79EFBC}") = "AspNetCoreIdentityEncryptionTests", "AspNetCoreIdentityEncryptionTests\AspNetCoreIdentityEncryptionTests.csproj", "{0A8F5211-4A03-4EA9-B562-C84911E6AD04}"
EndProject
Global
	GlobalSection(SolutionConfigurationPlatforms) = preSolution
		Debug|Any CPU = Debug|Any CPU
		Release|Any CPU = Release|Any CPU
	EndGlobalSection
	GlobalSection(ProjectConfigurationPlatforms) = postSolution
		{F65E9262-BBF7-4824-BA40-E6A5F17F3C11}.Debug|Any CPU.ActiveCfg = Debug|Any CPU
		{F65E9262-BBF7-4824-BA40-E6A5F17F3C11}.Debug|Any CPU.Build.0 = Debug|Any CPU
		{F65E9262-BBF7-4824-BA40-E6A5F17F3C11}.Release|Any CPU.ActiveCfg = Release|Any CPU
		{F65E9262-BBF7-4824-BA40-E6A5F17F3C11}.Release|Any CPU.Build.0 = Release|Any CPU
		{0A8F5211-4A03-4EA9-B562-C84911E6AD04}.Debug|Any CPU.ActiveCfg = Debug|Any CPU
		{0A8F5211-4A03-4EA9-B562-C84911E6AD04}.Debug|Any CPU.Build.0 = Debug|Any CPU
		{0A8F5211-4A03-4EA9-B562-C84911E6AD04}.Release|Any CPU.ActiveCfg = Release|Any CPU
		{0A8F5211-4A03-4EA9-B562-C84911E6AD04}.Release|Any CPU.Build.0 = Release|Any CPU
	EndGlobalSection
	GlobalSection(SolutionProperties) = preSolution
		HideSolutionNode = FALSE
	EndGlobalSection
	GlobalSection(ExtensibilityGlobals) = postSolution
		SolutionGuid = {B8571335-EDC9-4A73-A6C5-0100BAE1D232}
	EndGlobalSection
EndGlobal
